{
  "name": "jsyg-fulleditor",
  "version": "1.0.1",
  "lockfileVersion": 1,
  "requires": true,
  "dependencies": {
    "abbrev": {
      "version": "1.1.1",
      "resolved": "https://registry.npmjs.org/abbrev/-/abbrev-1.1.1.tgz",
      "integrity": "sha512-nne9/IiQ/hzIhY6pdDnbBtz7DjPTKrY00P/zvPSm5pOFkl6xuGrGnXn/VtTNNfNtAfZ9/1RtehkszU9qcTii0Q==",
      "dev": true
    },
    "ansi-regex": {
      "version": "2.1.1",
      "resolved": "https://registry.npmjs.org/ansi-regex/-/ansi-regex-2.1.1.tgz",
      "integrity": "sha1-w7M6te42DYbg5ijwRorn7yfWVN8=",
      "dev": true
    },
    "ansi-styles": {
      "version": "2.2.1",
      "resolved": "https://registry.npmjs.org/ansi-styles/-/ansi-styles-2.2.1.tgz",
      "integrity": "sha1-tDLdM1i2NM914eRmQ2gkBTPB3b4=",
      "dev": true
    },
    "argparse": {
      "version": "1.0.10",
      "resolved": "https://registry.npmjs.org/argparse/-/argparse-1.0.10.tgz",
      "integrity": "sha512-o5Roy6tNG4SL/FOkCAN6RzjiakZS25RLYFrcMttJqbdd8BWrnA+fGz57iN5Pb06pvBGvl5gQ0B48dJlslXvoTg==",
      "dev": true,
      "requires": {
        "sprintf-js": "~1.0.2"
      }
    },
    "array-find-index": {
      "version": "1.0.2",
      "resolved": "https://registry.npmjs.org/array-find-index/-/array-find-index-1.0.2.tgz",
      "integrity": "sha1-3wEKoSh+Fku9pvlyOwqWoexBh6E=",
      "dev": true
    },
    "async": {
      "version": "1.5.2",
      "resolved": "https://registry.npmjs.org/async/-/async-1.5.2.tgz",
      "integrity": "sha1-7GphrlZIDAw8skHJVhjiCJL5Zyo=",
      "dev": true
    },
    "balanced-match": {
      "version": "1.0.0",
      "resolved": "https://registry.npmjs.org/balanced-match/-/balanced-match-1.0.0.tgz",
      "integrity": "sha1-ibTRmasr7kneFk6gK4nORi1xt2c=",
      "dev": true
    },
    "bootstrap": {
      "version": "4.1.1",
      "resolved": "https://registry.npmjs.org/bootstrap/-/bootstrap-4.1.1.tgz",
      "integrity": "sha512-SpiDSOcbg4J/PjVSt4ny5eY6j74VbVSjROY4Fb/WIUXBV9cnb5luyR4KnPvNoXuGnBK1T+nJIWqRsvU3yP8Mcg==",
      "dev": true
    },
    "brace-expansion": {
      "version": "1.1.11",
      "resolved": "https://registry.npmjs.org/brace-expansion/-/brace-expansion-1.1.11.tgz",
      "integrity": "sha512-iCuPHDFgrHX7H2vEI/5xpz07zSHB00TpugqhmYtVmMO6518mCuRMoOYFldEBl0g187ufozdaHgWKcYFb61qGiA==",
      "dev": true,
      "requires": {
        "balanced-match": "^1.0.0",
        "concat-map": "0.0.1"
      }
    },
    "builtin-modules": {
      "version": "1.1.1",
      "resolved": "https://registry.npmjs.org/builtin-modules/-/builtin-modules-1.1.1.tgz",
      "integrity": "sha1-Jw8HbFpywC9bZaR9+Uxf46J4iS8=",
      "dev": true
    },
    "camelcase": {
      "version": "2.1.1",
      "resolved": "https://registry.npmjs.org/camelcase/-/camelcase-2.1.1.tgz",
      "integrity": "sha1-fB0W1nmhu+WcoCys7PsBHiAfWh8=",
      "dev": true
    },
    "camelcase-keys": {
      "version": "2.1.0",
      "resolved": "https://registry.npmjs.org/camelcase-keys/-/camelcase-keys-2.1.0.tgz",
      "integrity": "sha1-MIvur/3ygRkFHvodkyITyRuPkuc=",
      "dev": true,
      "requires": {
        "camelcase": "^2.0.0",
        "map-obj": "^1.0.0"
      }
    },
    "chalk": {
      "version": "1.1.3",
      "resolved": "https://registry.npmjs.org/chalk/-/chalk-1.1.3.tgz",
      "integrity": "sha1-qBFcVeSnAv5NFQq9OHKCKn4J/Jg=",
      "dev": true,
      "requires": {
        "ansi-styles": "^2.2.1",
        "escape-string-regexp": "^1.0.2",
        "has-ansi": "^2.0.0",
        "strip-ansi": "^3.0.0",
        "supports-color": "^2.0.0"
      }
    },
    "coffeescript": {
      "version": "1.10.0",
      "resolved": "https://registry.npmjs.org/coffeescript/-/coffeescript-1.10.0.tgz",
      "integrity": "sha1-56qDAZF+9iGzXYo580jc3R234z4=",
      "dev": true
    },
    "colors": {
      "version": "1.1.2",
      "resolved": "https://registry.npmjs.org/colors/-/colors-1.1.2.tgz",
      "integrity": "sha1-FopHAXVran9RoSzgyXv6KMCE7WM=",
      "dev": true
    },
    "concat-map": {
      "version": "0.0.1",
      "resolved": "https://registry.npmjs.org/concat-map/-/concat-map-0.0.1.tgz",
      "integrity": "sha1-2Klr13/Wjfd5OnMDajug1UBdR3s=",
      "dev": true
    },
    "currently-unhandled": {
      "version": "0.4.1",
      "resolved": "https://registry.npmjs.org/currently-unhandled/-/currently-unhandled-0.4.1.tgz",
      "integrity": "sha1-mI3zP+qxke95mmE2nddsF635V+o=",
      "dev": true,
      "requires": {
        "array-find-index": "^1.0.1"
      }
    },
    "dateformat": {
      "version": "1.0.12",
      "resolved": "https://registry.npmjs.org/dateformat/-/dateformat-1.0.12.tgz",
      "integrity": "sha1-nxJLZ1lMk3/3BpMuSmQsyo27/uk=",
      "dev": true,
      "requires": {
        "get-stdin": "^4.0.1",
        "meow": "^3.3.0"
      }
    },
    "decamelize": {
      "version": "1.2.0",
      "resolved": "https://registry.npmjs.org/decamelize/-/decamelize-1.2.0.tgz",
      "integrity": "sha1-9lNNFRSCabIDUue+4m9QH5oZEpA=",
      "dev": true
    },
    "error-ex": {
      "version": "1.3.1",
      "resolved": "https://registry.npmjs.org/error-ex/-/error-ex-1.3.1.tgz",
      "integrity": "sha1-+FWobOYa3E6GIcPNoh56dhLDqNw=",
      "dev": true,
      "requires": {
        "is-arrayish": "^0.2.1"
      }
    },
    "escape-string-regexp": {
      "version": "1.0.5",
      "resolved": "https://registry.npmjs.org/escape-string-regexp/-/escape-string-regexp-1.0.5.tgz",
      "integrity": "sha1-G2HAViGQqN/2rjuyzwIAyhMLhtQ=",
      "dev": true
    },
    "esprima": {
      "version": "2.7.3",
      "resolved": "https://registry.npmjs.org/esprima/-/esprima-2.7.3.tgz",
      "integrity": "sha1-luO3DVd59q1JzQMmc9HDEnZ7pYE=",
      "dev": true
    },
    "eventemitter2": {
      "version": "0.4.14",
      "resolved": "https://registry.npmjs.org/eventemitter2/-/eventemitter2-0.4.14.tgz",
      "integrity": "sha1-j2G3XN4BKy6esoTUVFWDtWQ7Yas=",
      "dev": true
    },
    "exit": {
      "version": "0.1.2",
      "resolved": "https://registry.npmjs.org/exit/-/exit-0.1.2.tgz",
      "integrity": "sha1-BjJjj42HfMghB9MKD/8aF8uhzQw=",
      "dev": true
    },
    "find-up": {
      "version": "1.1.2",
      "resolved": "https://registry.npmjs.org/find-up/-/find-up-1.1.2.tgz",
      "integrity": "sha1-ay6YIrGizgpgq2TWEOzK1TyyTQ8=",
      "dev": true,
      "requires": {
        "path-exists": "^2.0.0",
        "pinkie-promise": "^2.0.0"
      }
    },
    "findup-sync": {
      "version": "0.3.0",
      "resolved": "https://registry.npmjs.org/findup-sync/-/findup-sync-0.3.0.tgz",
      "integrity": "sha1-N5MKpdgWt3fANEXhlmzGeQpMCxY=",
      "dev": true,
      "requires": {
        "glob": "~5.0.0"
      },
      "dependencies": {
        "glob": {
          "version": "5.0.15",
          "resolved": "https://registry.npmjs.org/glob/-/glob-5.0.15.tgz",
          "integrity": "sha1-G8k2ueAvSmA/zCIuz3Yz0wuLk7E=",
          "dev": true,
          "requires": {
            "inflight": "^1.0.4",
            "inherits": "2",
            "minimatch": "2 || 3",
            "once": "^1.3.0",
            "path-is-absolute": "^1.0.0"
          }
        }
      }
    },
    "fs.realpath": {
      "version": "1.0.0",
      "resolved": "https://registry.npmjs.org/fs.realpath/-/fs.realpath-1.0.0.tgz",
      "integrity": "sha1-FQStJSMVjKpA20onh8sBQRmU6k8=",
      "dev": true
    },
    "get-stdin": {
      "version": "4.0.1",
      "resolved": "https://registry.npmjs.org/get-stdin/-/get-stdin-4.0.1.tgz",
      "integrity": "sha1-uWjGsKBDhDJJAui/Gl3zJXmkUP4=",
      "dev": true
    },
    "getobject": {
      "version": "0.1.0",
      "resolved": "https://registry.npmjs.org/getobject/-/getobject-0.1.0.tgz",
      "integrity": "sha1-BHpEl4n6Fg0Bj1SG7ZEyC27HiFw=",
      "dev": true
    },
    "glob": {
      "version": "7.0.6",
      "resolved": "https://registry.npmjs.org/glob/-/glob-7.0.6.tgz",
      "integrity": "sha1-IRuvr0nlJbjNkyYNFKsTYVKz9Xo=",
      "dev": true,
      "requires": {
        "fs.realpath": "^1.0.0",
        "inflight": "^1.0.4",
        "inherits": "2",
        "minimatch": "^3.0.2",
        "once": "^1.3.0",
        "path-is-absolute": "^1.0.0"
      }
    },
    "graceful-fs": {
      "version": "4.1.11",
      "resolved": "https://registry.npmjs.org/graceful-fs/-/graceful-fs-4.1.11.tgz",
      "integrity": "sha1-Dovf5NHduIVNZOBOp8AOKgJuVlg=",
      "dev": true
    },
    "grunt": {
      "version": "1.0.2",
      "resolved": "https://registry.npmjs.org/grunt/-/grunt-1.0.2.tgz",
      "integrity": "sha1-TmpeaVtwRy/VME9fqeNCNoNqc7w=",
      "dev": true,
      "requires": {
        "coffeescript": "~1.10.0",
        "dateformat": "~1.0.12",
        "eventemitter2": "~0.4.13",
        "exit": "~0.1.1",
        "findup-sync": "~0.3.0",
        "glob": "~7.0.0",
        "grunt-cli": "~1.2.0",
        "grunt-known-options": "~1.1.0",
        "grunt-legacy-log": "~1.0.0",
        "grunt-legacy-util": "~1.0.0",
        "iconv-lite": "~0.4.13",
        "js-yaml": "~3.5.2",
        "minimatch": "~3.0.2",
        "nopt": "~3.0.6",
        "path-is-absolute": "~1.0.0",
        "rimraf": "~2.2.8"
      },
      "dependencies": {
        "grunt-cli": {
          "version": "1.2.0",
          "resolved": "https://registry.npmjs.org/grunt-cli/-/grunt-cli-1.2.0.tgz",
          "integrity": "sha1-VisRnrsGndtGSs4oRVAb6Xs1tqg=",
          "dev": true,
          "requires": {
            "findup-sync": "~0.3.0",
            "grunt-known-options": "~1.1.0",
            "nopt": "~3.0.6",
            "resolve": "~1.1.0"
          }
        }
      }
    },
    "grunt-contrib-concat": {
      "version": "1.0.1",
      "resolved": "https://registry.npmjs.org/grunt-contrib-concat/-/grunt-contrib-concat-1.0.1.tgz",
      "integrity": "sha1-YVCYYwhOhx1+ht5IwBUlntl3Rb0=",
      "dev": true,
      "requires": {
        "chalk": "^1.0.0",
        "source-map": "^0.5.3"
      }
    },
    "grunt-known-options": {
      "version": "1.1.0",
      "resolved": "https://registry.npmjs.org/grunt-known-options/-/grunt-known-options-1.1.0.tgz",
      "integrity": "sha1-pCdO6zL6dl2lp6OxcSYXzjsUQUk=",
      "dev": true
    },
    "grunt-legacy-log": {
      "version": "1.0.2",
      "resolved": "https://registry.npmjs.org/grunt-legacy-log/-/grunt-legacy-log-1.0.2.tgz",
      "integrity": "sha512-WdedTJ/6zCXnI/coaouzqvkI19uwqbcPkdsXiDRKJyB5rOUlOxnCnTVbpeUdEckKVir2uHF3rDBYppj2p6N3+g==",
      "dev": true,
      "requires": {
        "colors": "~1.1.2",
        "grunt-legacy-log-utils": "~1.0.0",
        "hooker": "~0.2.3",
        "lodash": "~4.17.5"
      }
    },
    "grunt-legacy-log-utils": {
      "version": "1.0.0",
      "resolved": "https://registry.npmjs.org/grunt-legacy-log-utils/-/grunt-legacy-log-utils-1.0.0.tgz",
      "integrity": "sha1-p7ji0Ps1taUPSvmG/BEnSevJbz0=",
      "dev": true,
      "requires": {
        "chalk": "~1.1.1",
        "lodash": "~4.3.0"
      },
      "dependencies": {
        "lodash": {
          "version": "4.3.0",
          "resolved": "https://registry.npmjs.org/lodash/-/lodash-4.3.0.tgz",
          "integrity": "sha1-79nEpuxT87BUEkKZFcPkgk5NJaQ=",
          "dev": true
        }
      }
    },
    "grunt-legacy-util": {
      "version": "1.0.0",
      "resolved": "https://registry.npmjs.org/grunt-legacy-util/-/grunt-legacy-util-1.0.0.tgz",
      "integrity": "sha1-OGqnjcbtUJhsKxiVcmWxtIq7m4Y=",
      "dev": true,
      "requires": {
        "async": "~1.5.2",
        "exit": "~0.1.1",
        "getobject": "~0.1.0",
        "hooker": "~0.2.3",
        "lodash": "~4.3.0",
        "underscore.string": "~3.2.3",
        "which": "~1.2.1"
      },
      "dependencies": {
        "lodash": {
          "version": "4.3.0",
          "resolved": "https://registry.npmjs.org/lodash/-/lodash-4.3.0.tgz",
          "integrity": "sha1-79nEpuxT87BUEkKZFcPkgk5NJaQ=",
          "dev": true
        }
      }
    },
    "has-ansi": {
      "version": "2.0.0",
      "resolved": "https://registry.npmjs.org/has-ansi/-/has-ansi-2.0.0.tgz",
      "integrity": "sha1-NPUEnOHs3ysGSa8+8k5F7TVBbZE=",
      "dev": true,
      "requires": {
        "ansi-regex": "^2.0.0"
      }
    },
    "hooker": {
      "version": "0.2.3",
      "resolved": "https://registry.npmjs.org/hooker/-/hooker-0.2.3.tgz",
      "integrity": "sha1-uDT3I8xKJCqmWWNFnfbZhMXT2Vk=",
      "dev": true
    },
    "hosted-git-info": {
      "version": "2.8.9",
      "resolved": "https://registry.npmjs.org/hosted-git-info/-/hosted-git-info-2.8.9.tgz",
      "integrity": "sha512-mxIDAb9Lsm6DoOJ7xH+5+X4y1LU/4Hi50L9C5sIswK3JzULS4bwk1FvjdBgvYR4bzT4tuUQiC15FE2f5HbLvYw==",
      "dev": true
    },
    "iconv-lite": {
      "version": "0.4.21",
      "resolved": "https://registry.npmjs.org/iconv-lite/-/iconv-lite-0.4.21.tgz",
      "integrity": "sha512-En5V9za5mBt2oUA03WGD3TwDv0MKAruqsuxstbMUZaj9W9k/m1CV/9py3l0L5kw9Bln8fdHQmzHSYtvpvTLpKw==",
      "dev": true,
      "requires": {
        "safer-buffer": "^2.1.0"
      }
    },
    "indent-string": {
      "version": "2.1.0",
      "resolved": "https://registry.npmjs.org/indent-string/-/indent-string-2.1.0.tgz",
      "integrity": "sha1-ji1INIdCEhtKghi3oTfppSBJ3IA=",
      "dev": true,
      "requires": {
        "repeating": "^2.0.0"
      }
    },
    "inflight": {
      "version": "1.0.6",
      "resolved": "https://registry.npmjs.org/inflight/-/inflight-1.0.6.tgz",
      "integrity": "sha1-Sb1jMdfQLQwJvJEKEHW6gWW1bfk=",
      "dev": true,
      "requires": {
        "once": "^1.3.0",
        "wrappy": "1"
      }
    },
    "inherits": {
      "version": "2.0.3",
      "resolved": "https://registry.npmjs.org/inherits/-/inherits-2.0.3.tgz",
      "integrity": "sha1-Yzwsg+PaQqUC9SRmAiSA9CCCYd4=",
      "dev": true
    },
    "is-arrayish": {
      "version": "0.2.1",
      "resolved": "https://registry.npmjs.org/is-arrayish/-/is-arrayish-0.2.1.tgz",
      "integrity": "sha1-d8mYQFJ6qOyxqLppe4BkWnqSap0=",
      "dev": true
    },
    "is-builtin-module": {
      "version": "1.0.0",
      "resolved": "https://registry.npmjs.org/is-builtin-module/-/is-builtin-module-1.0.0.tgz",
      "integrity": "sha1-VAVy0096wxGfj3bDDLwbHgN6/74=",
      "dev": true,
      "requires": {
        "builtin-modules": "^1.0.0"
      }
    },
    "is-finite": {
      "version": "1.0.2",
      "resolved": "https://registry.npmjs.org/is-finite/-/is-finite-1.0.2.tgz",
      "integrity": "sha1-zGZ3aVYCvlUO8R6LSqYwU0K20Ko=",
      "dev": true,
      "requires": {
        "number-is-nan": "^1.0.0"
      }
    },
    "is-utf8": {
      "version": "0.2.1",
      "resolved": "https://registry.npmjs.org/is-utf8/-/is-utf8-0.2.1.tgz",
      "integrity": "sha1-Sw2hRCEE0bM2NA6AeX6GXPOffXI=",
      "dev": true
    },
    "isexe": {
      "version": "2.0.0",
      "resolved": "https://registry.npmjs.org/isexe/-/isexe-2.0.0.tgz",
      "integrity": "sha1-6PvzdNxVb/iUehDcsFctYz8s+hA=",
      "dev": true
    },
    "jquery": {
      "version": "3.3.1",
      "resolved": "https://registry.npmjs.org/jquery/-/jquery-3.3.1.tgz",
      "integrity": "sha512-Ubldcmxp5np52/ENotGxlLe6aGMvmF4R8S6tZjsP6Knsaxd/xp3Zrh50cG93lR6nPXyUFwzN3ZSOQI0wRJNdGg=="
    },
    "jquery-mousewheel": {
      "version": "3.1.13",
      "resolved": "https://registry.npmjs.org/jquery-mousewheel/-/jquery-mousewheel-3.1.13.tgz",
      "integrity": "sha1-BvAzXxbjU6aV5yBr9QUDy1I6buU="
    },
    "jquery.hotkeys": {
      "version": "0.1.0",
      "resolved": "https://registry.npmjs.org/jquery.hotkeys/-/jquery.hotkeys-0.1.0.tgz",
      "integrity": "sha1-qI9jZJT+dd5B5LdToFnlpSO4MnM="
    },
    "js-cookie": {
      "version": "2.2.0",
      "resolved": "https://registry.npmjs.org/js-cookie/-/js-cookie-2.2.0.tgz",
      "integrity": "sha1-Gywnmm7s44ChIWi5JIUmWzWx7/s="
    },
    "js-yaml": {
      "version": "3.5.5",
      "resolved": "https://registry.npmjs.org/js-yaml/-/js-yaml-3.5.5.tgz",
      "integrity": "sha1-A3fDgBfKvHMisNH7zSWkkWQfL74=",
      "dev": true,
      "requires": {
        "argparse": "^1.0.2",
        "esprima": "^2.6.0"
      }
    },
    "jsyg": {
      "version": "1.0.4",
      "resolved": "https://registry.npmjs.org/jsyg/-/jsyg-1.0.4.tgz",
      "integrity": "sha512-nW16VOkG2ST/NIShtxnqn2L3xjqm+ehfmrSeqXrfO4GqH6WrSzoP8EVwOLewep2LpiEkWaX5gM0iLB/+/Dfh3Q==",
      "requires": {
        "jquery": "^3.3.1",
        "jsyg-events": "^1.0.0",
        "jsyg-matrix": "^1.0.0",
        "jsyg-point": "^1.0.1",
        "jsyg-stdconstruct": "^1.0.0",
        "jsyg-strutils": "^1.0.0",
        "jsyg-utils": "^1.0.3",
        "jsyg-vect": "^1.0.2",
        "jsyg-wrapper": "^1.0.0"
      }
    },
    "jsyg-alignment": {
      "version": "1.0.0",
      "resolved": "https://registry.npmjs.org/jsyg-alignment/-/jsyg-alignment-1.0.0.tgz",
      "integrity": "sha512-QiQgtbDMtfOf0BlZqhaVy7SLLRPC8C+VVBbO4d6A3kh2hA2ojLcBPzHYZhwFVcu8EJkx0BOTJ1BmVTjyiESnXQ==",
      "requires": {
        "jsyg": "^1.0.2",
        "jsyg-path": "^1.0.0"
      },
      "dependencies": {
        "jsyg": {
          "version": "1.0.3",
          "resolved": "https://registry.npmjs.org/jsyg/-/jsyg-1.0.3.tgz",
          "integrity": "sha512-mNpdhUtRu7/0mbGug0qi6FnY47f5X2Qlss2XZzXmXat3tcM6iL4nB7udSl3/cMbeCj2LStsmhmAbnNaVn+d9kg==",
          "requires": {
            "jquery": "^3.3.1",
            "jsyg-events": "^1.0.0",
            "jsyg-matrix": "^1.0.0",
            "jsyg-point": "^1.0.1",
            "jsyg-stdconstruct": "^1.0.0",
            "jsyg-strutils": "^1.0.0",
            "jsyg-utils": "^1.0.1",
            "jsyg-vect": "^1.0.2",
            "jsyg-wrapper": "^1.0.0"
          }
        }
      }
    },
    "jsyg-boundingbox": {
      "version": "1.0.0",
      "resolved": "https://registry.npmjs.org/jsyg-boundingbox/-/jsyg-boundingbox-1.0.0.tgz",
      "integrity": "sha512-Uq/HqS0meGtGnMto2+6QBJ4YJJKiF+EBuCgy3PkylVVb3OLiRk7lpShYhznhZwesX3T6jDoAu+NgdqKr/zfNrg==",
      "requires": {
        "jsyg": "^1.0.2",
        "jsyg-path": "^1.0.0"
      },
      "dependencies": {
        "jsyg": {
          "version": "1.0.3",
          "resolved": "https://registry.npmjs.org/jsyg/-/jsyg-1.0.3.tgz",
          "integrity": "sha512-mNpdhUtRu7/0mbGug0qi6FnY47f5X2Qlss2XZzXmXat3tcM6iL4nB7udSl3/cMbeCj2LStsmhmAbnNaVn+d9kg==",
          "requires": {
            "jquery": "^3.3.1",
            "jsyg-events": "^1.0.0",
            "jsyg-matrix": "^1.0.0",
            "jsyg-point": "^1.0.1",
            "jsyg-stdconstruct": "^1.0.0",
            "jsyg-strutils": "^1.0.0",
            "jsyg-utils": "^1.0.1",
            "jsyg-vect": "^1.0.2",
            "jsyg-wrapper": "^1.0.0"
          }
        }
      }
    },
    "jsyg-canvas": {
      "version": "1.0.0",
      "resolved": "https://registry.npmjs.org/jsyg-canvas/-/jsyg-canvas-1.0.0.tgz",
      "integrity": "sha512-rEMadtXTMYRFCiVaQQk93KlYGFdb/gyXl8uYsnGT3GG1Jjfn5e6oU+NsMJOVIKppP7cpuykicO+8pFgH970AQA==",
      "requires": {
        "jsyg": "^1.0.2",
        "jsyg-color": "^1.0.0"
      },
      "dependencies": {
        "jsyg": {
          "version": "1.0.3",
          "resolved": "https://registry.npmjs.org/jsyg/-/jsyg-1.0.3.tgz",
          "integrity": "sha512-mNpdhUtRu7/0mbGug0qi6FnY47f5X2Qlss2XZzXmXat3tcM6iL4nB7udSl3/cMbeCj2LStsmhmAbnNaVn+d9kg==",
          "requires": {
            "jquery": "^3.3.1",
            "jsyg-events": "^1.0.0",
            "jsyg-matrix": "^1.0.0",
            "jsyg-point": "^1.0.1",
            "jsyg-stdconstruct": "^1.0.0",
            "jsyg-strutils": "^1.0.0",
            "jsyg-utils": "^1.0.1",
            "jsyg-vect": "^1.0.2",
            "jsyg-wrapper": "^1.0.0"
          }
        }
      }
    },
    "jsyg-color": {
      "version": "1.0.0",
      "resolved": "https://registry.npmjs.org/jsyg-color/-/jsyg-color-1.0.0.tgz",
      "integrity": "sha512-8B6aIRlbOjwNOvBMfsC/DnQtOUxjwS5ts5Auje++c1OQbfY1gr3Iv9kQJ5M7C96XY0Fvc7dgc5s0yXoQeOxbNQ=="
    },
    "jsyg-container": {
      "version": "1.0.0",
      "resolved": "https://registry.npmjs.org/jsyg-container/-/jsyg-container-1.0.0.tgz",
      "integrity": "sha512-G1pEGkNcSdciQNugQyD7MK1CeVced+gs2lx/lFF8ky6FMuXFuCXczwLxxWQ5SMnUmRpXAVNfbJ3IiyrmAKAu5w==",
      "requires": {
        "jsyg": "^1.0.2",
        "jsyg-path": "^1.0.0"
      },
      "dependencies": {
        "jsyg": {
          "version": "1.0.3",
          "resolved": "https://registry.npmjs.org/jsyg/-/jsyg-1.0.3.tgz",
          "integrity": "sha512-mNpdhUtRu7/0mbGug0qi6FnY47f5X2Qlss2XZzXmXat3tcM6iL4nB7udSl3/cMbeCj2LStsmhmAbnNaVn+d9kg==",
          "requires": {
            "jquery": "^3.3.1",
            "jsyg-events": "^1.0.0",
            "jsyg-matrix": "^1.0.0",
            "jsyg-point": "^1.0.1",
            "jsyg-stdconstruct": "^1.0.0",
            "jsyg-strutils": "^1.0.0",
            "jsyg-utils": "^1.0.1",
            "jsyg-vect": "^1.0.2",
            "jsyg-wrapper": "^1.0.0"
          }
        }
      }
    },
    "jsyg-cropandresize": {
      "version": "1.0.0",
      "resolved": "https://registry.npmjs.org/jsyg-cropandresize/-/jsyg-cropandresize-1.0.0.tgz",
      "integrity": "sha512-0gBYxgzD0W7h9Fq30ojFC6BTDw7xdK7KZqIco2wq6hgtC5NmF9/aqYDTuTBtO48Ipe06DJ9VryFyBeq+Vwe8Pg==",
      "requires": {
        "jsyg": "^1.0.2",
        "jsyg-canvas": "^1.0.0",
        "jsyg-editor": "^1.0.0"
      },
      "dependencies": {
        "jsyg": {
          "version": "1.0.3",
          "resolved": "https://registry.npmjs.org/jsyg/-/jsyg-1.0.3.tgz",
          "integrity": "sha512-mNpdhUtRu7/0mbGug0qi6FnY47f5X2Qlss2XZzXmXat3tcM6iL4nB7udSl3/cMbeCj2LStsmhmAbnNaVn+d9kg==",
          "requires": {
            "jquery": "^3.3.1",
            "jsyg-events": "^1.0.0",
            "jsyg-matrix": "^1.0.0",
            "jsyg-point": "^1.0.1",
            "jsyg-stdconstruct": "^1.0.0",
            "jsyg-strutils": "^1.0.0",
            "jsyg-utils": "^1.0.1",
            "jsyg-vect": "^1.0.2",
            "jsyg-wrapper": "^1.0.0"
          }
        }
      }
    },
    "jsyg-draggable": {
      "version": "1.0.0",
      "resolved": "https://registry.npmjs.org/jsyg-draggable/-/jsyg-draggable-1.0.0.tgz",
      "integrity": "sha512-Ki1yyHiP0pVeljXazaTa0kqka6ndh+qLF5Z84zqjjP7W9Krxeyhcyo6CKddrZQibvFFReb2wkaqVyjBxx4GY8A==",
      "requires": {
        "jsyg": "^1.0.2"
      },
      "dependencies": {
        "jsyg": {
          "version": "1.0.3",
          "resolved": "https://registry.npmjs.org/jsyg/-/jsyg-1.0.3.tgz",
          "integrity": "sha512-mNpdhUtRu7/0mbGug0qi6FnY47f5X2Qlss2XZzXmXat3tcM6iL4nB7udSl3/cMbeCj2LStsmhmAbnNaVn+d9kg==",
          "requires": {
            "jquery": "^3.3.1",
            "jsyg-events": "^1.0.0",
            "jsyg-matrix": "^1.0.0",
            "jsyg-point": "^1.0.1",
            "jsyg-stdconstruct": "^1.0.0",
            "jsyg-strutils": "^1.0.0",
            "jsyg-utils": "^1.0.1",
            "jsyg-vect": "^1.0.2",
            "jsyg-wrapper": "^1.0.0"
          }
        }
      }
    },
    "jsyg-editor": {
      "version": "1.0.2",
      "resolved": "https://registry.npmjs.org/jsyg-editor/-/jsyg-editor-1.0.2.tgz",
      "integrity": "sha512-eZgHt7oSVfNX4okL6u4WlIbWDeHdymMw4rLaBuUQL4RWEF45tCdIenk1ni64v2coGq8UZJ6+5Iwh6ht6wlIapA==",
      "requires": {
        "jsyg": "^1.0.3",
        "jsyg-alignment": "^1.0.0",
        "jsyg-boundingbox": "^1.0.0",
        "jsyg-container": "^1.0.0",
        "jsyg-draggable": "^1.0.0",
        "jsyg-path": "^1.0.0",
        "jsyg-resizable": "^1.0.0",
        "jsyg-rotatable": "^1.0.0",
        "jsyg-selection": "^1.0.0"
      },
      "dependencies": {
        "jsyg": {
          "version": "1.0.3",
          "resolved": "https://registry.npmjs.org/jsyg/-/jsyg-1.0.3.tgz",
          "integrity": "sha512-mNpdhUtRu7/0mbGug0qi6FnY47f5X2Qlss2XZzXmXat3tcM6iL4nB7udSl3/cMbeCj2LStsmhmAbnNaVn+d9kg==",
          "requires": {
            "jquery": "^3.3.1",
            "jsyg-events": "^1.0.0",
            "jsyg-matrix": "^1.0.0",
            "jsyg-point": "^1.0.1",
            "jsyg-stdconstruct": "^1.0.0",
            "jsyg-strutils": "^1.0.0",
            "jsyg-utils": "^1.0.1",
            "jsyg-vect": "^1.0.2",
            "jsyg-wrapper": "^1.0.0"
          }
        }
      }
    },
    "jsyg-events": {
      "version": "1.0.0",
      "resolved": "https://registry.npmjs.org/jsyg-events/-/jsyg-events-1.0.0.tgz",
      "integrity": "sha512-ELIo54NR0tXPC8Va2Z9p+hqKzV5MYPeq7LYlOpc7fnGaSAIrAbqk7pKCXHSrZffuppFr3HXUxegOG3Dh7VHbtQ=="
    },
    "jsyg-matrix": {
      "version": "1.0.0",
      "resolved": "https://registry.npmjs.org/jsyg-matrix/-/jsyg-matrix-1.0.0.tgz",
      "integrity": "sha512-NXMd8Ig+Bxx3B87BSUEGmBVjiIIvKeebdxvOtgKu0ZbjaqGcVw34CIONChx9rIM4PU/lzvjtiiCnPkMnNRbN6A==",
      "requires": {
        "jsyg-vect": "^1.0.2"
      }
    },
    "jsyg-path": {
      "version": "1.0.0",
      "resolved": "https://registry.npmjs.org/jsyg-path/-/jsyg-path-1.0.0.tgz",
      "integrity": "sha512-8+yrw5CeQRvkYu0+WzuGD9m/QrE8HXcpaVVX9SMBLpmuvUN63XAElGEc3Tr0GG6xwUmyVBebD9/KthC1v5gSlw==",
      "requires": {
        "jsyg": "^1.0.2",
        "pathseg": "^1.2.0"
      },
      "dependencies": {
        "jsyg": {
          "version": "1.0.3",
          "resolved": "https://registry.npmjs.org/jsyg/-/jsyg-1.0.3.tgz",
          "integrity": "sha512-mNpdhUtRu7/0mbGug0qi6FnY47f5X2Qlss2XZzXmXat3tcM6iL4nB7udSl3/cMbeCj2LStsmhmAbnNaVn+d9kg==",
          "requires": {
            "jquery": "^3.3.1",
            "jsyg-events": "^1.0.0",
            "jsyg-matrix": "^1.0.0",
            "jsyg-point": "^1.0.1",
            "jsyg-stdconstruct": "^1.0.0",
            "jsyg-strutils": "^1.0.0",
            "jsyg-utils": "^1.0.1",
            "jsyg-vect": "^1.0.2",
            "jsyg-wrapper": "^1.0.0"
          }
        }
      }
    },
    "jsyg-pathdrawer": {
      "version": "1.0.0",
      "resolved": "https://registry.npmjs.org/jsyg-pathdrawer/-/jsyg-pathdrawer-1.0.0.tgz",
      "integrity": "sha512-wycjRJa/VLzSPl0+p4WkH0ts+Vq2+i912QNdJZ3zvro6H7lZb/p2OKSYvdbk54Bmwxm2q5UUIpAbs4bfJhjtoQ==",
      "requires": {
        "jsyg-path": "^1.0.0"
      }
    },
    "jsyg-point": {
      "version": "1.0.1",
      "resolved": "https://registry.npmjs.org/jsyg-point/-/jsyg-point-1.0.1.tgz",
      "integrity": "sha512-YfJ4RvMdYUFHNCAK3Xo5iqdU48ZqxcVL6qtTfUvEvb62+01R6H7bTLERysY9abzrgAbs1cYkVfFw0w5n3TvAPQ=="
    },
    "jsyg-polylinedrawer": {
      "version": "1.0.0",
      "resolved": "https://registry.npmjs.org/jsyg-polylinedrawer/-/jsyg-polylinedrawer-1.0.0.tgz",
      "integrity": "sha512-xEqinr94YThc4xNRer1Xlv1GzFGqwhbqOrm3kQcCDs/hSAVOsbmNYdSfl0GpnKNfzPONy7OdV/ptQOxv7yXHlA==",
      "requires": {
        "jsyg-path": "^1.0.0"
      }
    },
    "jsyg-resizable": {
      "version": "1.0.0",
      "resolved": "https://registry.npmjs.org/jsyg-resizable/-/jsyg-resizable-1.0.0.tgz",
      "integrity": "sha512-rUWZKPTmM4YAM1WD3Yw93Jo0lMtjoJVz9Ps5Mnug/ZOuvbm6jpivrsXuUHVwuRp3ITz1TYezhGuWGpkEsVU8iw==",
      "requires": {
        "jsyg": "^1.0.2"
      },
      "dependencies": {
        "jsyg": {
          "version": "1.0.3",
          "resolved": "https://registry.npmjs.org/jsyg/-/jsyg-1.0.3.tgz",
          "integrity": "sha512-mNpdhUtRu7/0mbGug0qi6FnY47f5X2Qlss2XZzXmXat3tcM6iL4nB7udSl3/cMbeCj2LStsmhmAbnNaVn+d9kg==",
          "requires": {
            "jquery": "^3.3.1",
            "jsyg-events": "^1.0.0",
            "jsyg-matrix": "^1.0.0",
            "jsyg-point": "^1.0.1",
            "jsyg-stdconstruct": "^1.0.0",
            "jsyg-strutils": "^1.0.0",
            "jsyg-utils": "^1.0.1",
            "jsyg-vect": "^1.0.2",
            "jsyg-wrapper": "^1.0.0"
          }
        }
      }
    },
    "jsyg-rotatable": {
      "version": "1.0.0",
      "resolved": "https://registry.npmjs.org/jsyg-rotatable/-/jsyg-rotatable-1.0.0.tgz",
      "integrity": "sha512-JhQqG2JR8Or12YW/ocLSNEEdlf99oMtrkJ0z2ZiLmMwRF6fCObweztZd7sF0O+7SYrenSIQyyK7tXNlHbUxUGA==",
      "requires": {
        "jsyg": "^1.0.2"
      },
      "dependencies": {
        "jsyg": {
          "version": "1.0.3",
          "resolved": "https://registry.npmjs.org/jsyg/-/jsyg-1.0.3.tgz",
          "integrity": "sha512-mNpdhUtRu7/0mbGug0qi6FnY47f5X2Qlss2XZzXmXat3tcM6iL4nB7udSl3/cMbeCj2LStsmhmAbnNaVn+d9kg==",
          "requires": {
            "jquery": "^3.3.1",
            "jsyg-events": "^1.0.0",
            "jsyg-matrix": "^1.0.0",
            "jsyg-point": "^1.0.1",
            "jsyg-stdconstruct": "^1.0.0",
            "jsyg-strutils": "^1.0.0",
            "jsyg-utils": "^1.0.1",
            "jsyg-vect": "^1.0.2",
            "jsyg-wrapper": "^1.0.0"
          }
        }
      }
    },
    "jsyg-selection": {
      "version": "1.0.0",
      "resolved": "https://registry.npmjs.org/jsyg-selection/-/jsyg-selection-1.0.0.tgz",
      "integrity": "sha512-N7jofgksJjWq0+cXPcCABRGRZ5ksysjLPoYjRZ+y3EUSkCLe4awFsYqHbRjKtc0ueeUEeZ94mS34kt4QnhN24Q==",
      "requires": {
        "jquery": "^3.3.1",
        "jquery.hotkeys": "^0.1.0",
        "jsyg": "^1.0.2",
        "jsyg-resizable": "^1.0.0"
      },
      "dependencies": {
        "jsyg": {
          "version": "1.0.3",
          "resolved": "https://registry.npmjs.org/jsyg/-/jsyg-1.0.3.tgz",
          "integrity": "sha512-mNpdhUtRu7/0mbGug0qi6FnY47f5X2Qlss2XZzXmXat3tcM6iL4nB7udSl3/cMbeCj2LStsmhmAbnNaVn+d9kg==",
          "requires": {
            "jquery": "^3.3.1",
            "jsyg-events": "^1.0.0",
            "jsyg-matrix": "^1.0.0",
            "jsyg-point": "^1.0.1",
            "jsyg-stdconstruct": "^1.0.0",
            "jsyg-strutils": "^1.0.0",
            "jsyg-utils": "^1.0.1",
            "jsyg-vect": "^1.0.2",
            "jsyg-wrapper": "^1.0.0"
          }
        }
      }
    },
    "jsyg-shapedrawer": {
      "version": "1.0.0",
      "resolved": "https://registry.npmjs.org/jsyg-shapedrawer/-/jsyg-shapedrawer-1.0.0.tgz",
      "integrity": "sha512-IhDA0g5xvOGqujkhZQmY/G/BlfL1s42YlhXT0lq58JsVVzPb8KqH9/PA5vsqruiU63iCPJ7gqnpFNhp8UcDDag==",
      "requires": {
        "jsyg": "^1.0.2",
        "jsyg-resizable": "^1.0.0"
      },
      "dependencies": {
        "jsyg": {
          "version": "1.0.3",
          "resolved": "https://registry.npmjs.org/jsyg/-/jsyg-1.0.3.tgz",
          "integrity": "sha512-mNpdhUtRu7/0mbGug0qi6FnY47f5X2Qlss2XZzXmXat3tcM6iL4nB7udSl3/cMbeCj2LStsmhmAbnNaVn+d9kg==",
          "requires": {
            "jquery": "^3.3.1",
            "jsyg-events": "^1.0.0",
            "jsyg-matrix": "^1.0.0",
            "jsyg-point": "^1.0.1",
            "jsyg-stdconstruct": "^1.0.0",
            "jsyg-strutils": "^1.0.0",
            "jsyg-utils": "^1.0.1",
            "jsyg-vect": "^1.0.2",
            "jsyg-wrapper": "^1.0.0"
          }
        }
      }
    },
    "jsyg-stdconstruct": {
      "version": "1.0.0",
      "resolved": "https://registry.npmjs.org/jsyg-stdconstruct/-/jsyg-stdconstruct-1.0.0.tgz",
      "integrity": "sha512-ZWP/iuMD1wFAoK9b3ytHA59Z4m/yKvgufukA9L1cJsY2WS6bXZMa21RQ2kqvH6DVmFyWkX9TTlxcxh4ETsYa4g==",
      "requires": {
        "jsyg-events": "^1.0.0"
      }
    },
    "jsyg-strutils": {
      "version": "1.0.0",
      "resolved": "https://registry.npmjs.org/jsyg-strutils/-/jsyg-strutils-1.0.0.tgz",
      "integrity": "sha512-E8nsSE7A05CrX4PXhBx+KuqxxKEWsuJJqPXTcFh4SexE665m+3lUwJ0d+OZYVEydkeN5BeruZO9tR2mTy4qAxg=="
    },
    "jsyg-texteditor": {
      "version": "1.0.0",
      "resolved": "https://registry.npmjs.org/jsyg-texteditor/-/jsyg-texteditor-1.0.0.tgz",
      "integrity": "sha512-IeeD7AqAXRiO5X2hshq4YFJvzg1x856RsSxDIEu+P3wfuRIIxLNqpAmquzLnHz5laQD8Ud0baca5olPdAtfTrQ==",
      "requires": {
        "jsyg": "^1.0.2",
        "jsyg-boundingbox": "^1.0.0",
        "jsyg-color": "^1.0.0"
      },
      "dependencies": {
        "jsyg": {
          "version": "1.0.3",
          "resolved": "https://registry.npmjs.org/jsyg/-/jsyg-1.0.3.tgz",
          "integrity": "sha512-mNpdhUtRu7/0mbGug0qi6FnY47f5X2Qlss2XZzXmXat3tcM6iL4nB7udSl3/cMbeCj2LStsmhmAbnNaVn+d9kg==",
          "requires": {
            "jquery": "^3.3.1",
            "jsyg-events": "^1.0.0",
            "jsyg-matrix": "^1.0.0",
            "jsyg-point": "^1.0.1",
            "jsyg-stdconstruct": "^1.0.0",
            "jsyg-strutils": "^1.0.0",
            "jsyg-utils": "^1.0.1",
            "jsyg-vect": "^1.0.2",
            "jsyg-wrapper": "^1.0.0"
          }
        }
      }
    },
    "jsyg-undoredo": {
      "version": "1.0.0",
      "resolved": "https://registry.npmjs.org/jsyg-undoredo/-/jsyg-undoredo-1.0.0.tgz",
      "integrity": "sha512-yoF/5ESKziGEI4JeKOp0ro+BZjCHV99dE0PN+H3xpggyqSATBJSkdiKmz9KHjF5SkMxoS4BBLrvCc7R9G3d55w==",
      "requires": {
        "jquery": "^3.3.1",
        "jquery.hotkeys": "^0.1.0",
        "jsyg-stdconstruct": "^1.0.0"
      }
    },
    "jsyg-utils": {
      "version": "1.0.3",
      "resolved": "https://registry.npmjs.org/jsyg-utils/-/jsyg-utils-1.0.3.tgz",
      "integrity": "sha512-L+W8dQZsGUgqetANpPdih2OJ+PIROORNBTFDoZaDQGQSdswKLGxGUzXofdBZiLNbGBP0BB8OE8Viy9llV5ASDg==",
      "requires": {
        "jsyg-matrix": "^1.0.0",
        "jsyg-point": "^1.0.1",
        "jsyg-strutils": "^1.0.0",
        "jsyg-vect": "^1.0.2",
        "jsyg-wrapper": "^1.0.0"
      }
    },
    "jsyg-vect": {
      "version": "1.0.2",
      "resolved": "https://registry.npmjs.org/jsyg-vect/-/jsyg-vect-1.0.2.tgz",
      "integrity": "sha512-RKu/e6d/HLF3svtekbwH2GbbSF6F4cfKkZquGNaevMk9s7oRoxl+K4N30c++zeyx/avJO9P0Ujiki54oHQR3+w==",
      "requires": {
        "jsyg-point": "^1.0.1"
      }
    },
    "jsyg-wrapper": {
      "version": "1.0.0",
      "resolved": "https://registry.npmjs.org/jsyg-wrapper/-/jsyg-wrapper-1.0.0.tgz",
      "integrity": "sha512-ko2h4ks354VYiPWrcgjoFEZA1tJre/fUw8XLVXdW0H1OW1UAvFXRdeRdUzicVL4qao3NNBYoel1LNx5BHX/ltQ==",
      "requires": {
        "jquery": "^3.3.1"
      }
    },
    "jsyg-zoomandpan": {
      "version": "1.0.0",
      "resolved": "https://registry.npmjs.org/jsyg-zoomandpan/-/jsyg-zoomandpan-1.0.0.tgz",
      "integrity": "sha512-Q8xbVRqj2qaQL7k0HKsG1Uhj+a0uYKlM7SzKLreFf8z2ZY2K0CYuAyWqMUqEthxojTkl6Jowk7u2uhlv028Hxg==",
      "requires": {
        "jquery-mousewheel": "^3.1.13",
        "js-cookie": "^2.2.0",
        "jsyg": "^1.0.2",
        "jsyg-resizable": "^1.0.0"
      },
      "dependencies": {
        "jsyg": {
          "version": "1.0.3",
          "resolved": "https://registry.npmjs.org/jsyg/-/jsyg-1.0.3.tgz",
          "integrity": "sha512-mNpdhUtRu7/0mbGug0qi6FnY47f5X2Qlss2XZzXmXat3tcM6iL4nB7udSl3/cMbeCj2LStsmhmAbnNaVn+d9kg==",
          "requires": {
            "jquery": "^3.3.1",
            "jsyg-events": "^1.0.0",
            "jsyg-matrix": "^1.0.0",
            "jsyg-point": "^1.0.1",
            "jsyg-stdconstruct": "^1.0.0",
            "jsyg-strutils": "^1.0.0",
            "jsyg-utils": "^1.0.1",
            "jsyg-vect": "^1.0.2",
            "jsyg-wrapper": "^1.0.0"
          }
        }
      }
    },
    "load-json-file": {
      "version": "1.1.0",
      "resolved": "https://registry.npmjs.org/load-json-file/-/load-json-file-1.1.0.tgz",
      "integrity": "sha1-lWkFcI1YtLq0wiYbBPWfMcmTdMA=",
      "dev": true,
      "requires": {
        "graceful-fs": "^4.1.2",
        "parse-json": "^2.2.0",
        "pify": "^2.0.0",
        "pinkie-promise": "^2.0.0",
        "strip-bom": "^2.0.0"
      }
    },
    "lodash": {
      "version": "4.17.10",
      "resolved": "https://registry.npmjs.org/lodash/-/lodash-4.17.10.tgz",
      "integrity": "sha512-UejweD1pDoXu+AD825lWwp4ZGtSwgnpZxb3JDViD7StjQz+Nb/6l093lx4OQ0foGWNRoc19mWy7BzL+UAK2iVg==",
      "dev": true
    },
    "loud-rejection": {
      "version": "1.6.0",
      "resolved": "https://registry.npmjs.org/loud-rejection/-/loud-rejection-1.6.0.tgz",
      "integrity": "sha1-W0b4AUft7leIcPCG0Eghz5mOVR8=",
      "dev": true,
      "requires": {
        "currently-unhandled": "^0.4.1",
        "signal-exit": "^3.0.0"
      }
    },
    "map-obj": {
      "version": "1.0.1",
      "resolved": "https://registry.npmjs.org/map-obj/-/map-obj-1.0.1.tgz",
      "integrity": "sha1-2TPOuSBdgr3PSIb2dCvcK03qFG0=",
      "dev": true
    },
    "meow": {
      "version": "3.7.0",
      "resolved": "https://registry.npmjs.org/meow/-/meow-3.7.0.tgz",
      "integrity": "sha1-cstmi0JSKCkKu/qFaJJYcwioAfs=",
      "dev": true,
      "requires": {
        "camelcase-keys": "^2.0.0",
        "decamelize": "^1.1.2",
        "loud-rejection": "^1.0.0",
        "map-obj": "^1.0.1",
        "minimist": "^1.1.3",
        "normalize-package-data": "^2.3.4",
        "object-assign": "^4.0.1",
        "read-pkg-up": "^1.0.1",
        "redent": "^1.0.0",
        "trim-newlines": "^1.0.0"
      }
    },
    "minimatch": {
      "version": "3.0.4",
      "resolved": "https://registry.npmjs.org/minimatch/-/minimatch-3.0.4.tgz",
      "integrity": "sha512-yJHVQEhyqPLUTgt9B83PXu6W3rx4MvvHvSUvToogpwoGDOUQ+yDrR0HRot+yOCdCO7u4hX3pWft6kWBBcqh0UA==",
      "dev": true,
      "requires": {
        "brace-expansion": "^1.1.7"
      }
    },
    "minimist": {
      "version": "1.2.0",
      "resolved": "https://registry.npmjs.org/minimist/-/minimist-1.2.0.tgz",
      "integrity": "sha1-o1AIsg9BOD7sH7kU9M1d95omQoQ=",
      "dev": true
    },
    "nopt": {
      "version": "3.0.6",
      "resolved": "https://registry.npmjs.org/nopt/-/nopt-3.0.6.tgz",
      "integrity": "sha1-xkZdvwirzU2zWTF/eaxopkayj/k=",
      "dev": true,
      "requires": {
        "abbrev": "1"
      }
    },
    "normalize-package-data": {
      "version": "2.4.0",
      "resolved": "https://registry.npmjs.org/normalize-package-data/-/normalize-package-data-2.4.0.tgz",
      "integrity": "sha512-9jjUFbTPfEy3R/ad/2oNbKtW9Hgovl5O1FvFWKkKblNXoN/Oou6+9+KKohPK13Yc3/TyunyWhJp6gvRNR/PPAw==",
      "dev": true,
      "requires": {
        "hosted-git-info": "^2.1.4",
        "is-builtin-module": "^1.0.0",
        "semver": "2 || 3 || 4 || 5",
        "validate-npm-package-license": "^3.0.1"
      }
    },
    "number-is-nan": {
      "version": "1.0.1",
      "resolved": "https://registry.npmjs.org/number-is-nan/-/number-is-nan-1.0.1.tgz",
      "integrity": "sha1-CXtgK1NCKlIsGvuHkDGDNpQaAR0=",
      "dev": true
    },
    "object-assign": {
      "version": "4.1.1",
      "resolved": "https://registry.npmjs.org/object-assign/-/object-assign-4.1.1.tgz",
      "integrity": "sha1-IQmtx5ZYh8/AXLvUQsrIv7s2CGM=",
      "dev": true
    },
    "once": {
      "version": "1.4.0",
      "resolved": "https://registry.npmjs.org/once/-/once-1.4.0.tgz",
      "integrity": "sha1-WDsap3WWHUsROsF9nFC6753Xa9E=",
      "dev": true,
      "requires": {
        "wrappy": "1"
      }
    },
    "parse-json": {
      "version": "2.2.0",
      "resolved": "https://registry.npmjs.org/parse-json/-/parse-json-2.2.0.tgz",
      "integrity": "sha1-9ID0BDTvgHQfhGkJn43qGPVaTck=",
      "dev": true,
      "requires": {
        "error-ex": "^1.2.0"
      }
    },
    "path-exists": {
      "version": "2.1.0",
      "resolved": "https://registry.npmjs.org/path-exists/-/path-exists-2.1.0.tgz",
      "integrity": "sha1-D+tsZPD8UY2adU3V77YscCJ2H0s=",
      "dev": true,
      "requires": {
        "pinkie-promise": "^2.0.0"
      }
    },
    "path-is-absolute": {
      "version": "1.0.1",
      "resolved": "https://registry.npmjs.org/path-is-absolute/-/path-is-absolute-1.0.1.tgz",
      "integrity": "sha1-F0uSaHNVNP+8es5r9TpanhtcX18=",
      "dev": true
    },
    "path-type": {
      "version": "1.1.0",
      "resolved": "https://registry.npmjs.org/path-type/-/path-type-1.1.0.tgz",
      "integrity": "sha1-WcRPfuSR2nBNpBXaWkBwuk+P5EE=",
      "dev": true,
      "requires": {
        "graceful-fs": "^4.1.2",
        "pify": "^2.0.0",
        "pinkie-promise": "^2.0.0"
      }
    },
    "pathseg": {
      "version": "1.2.0",
      "resolved": "https://registry.npmjs.org/pathseg/-/pathseg-1.2.0.tgz",
      "integrity": "sha512-+pQS7lTaoVIXhaCW7R3Wd/165APzZHWzYVqe7dxzdupxQwebgpBaCmf0/XZwmoA/rkDq3qvzO0qv4d5oFVrBRw=="
    },
    "pify": {
      "version": "2.3.0",
      "resolved": "https://registry.npmjs.org/pify/-/pify-2.3.0.tgz",
      "integrity": "sha1-7RQaasBDqEnqWISY59yosVMw6Qw=",
      "dev": true
    },
    "pinkie": {
      "version": "2.0.4",
      "resolved": "https://registry.npmjs.org/pinkie/-/pinkie-2.0.4.tgz",
      "integrity": "sha1-clVrgM+g1IqXToDnckjoDtT3+HA=",
      "dev": true
    },
    "pinkie-promise": {
      "version": "2.0.1",
      "resolved": "https://registry.npmjs.org/pinkie-promise/-/pinkie-promise-2.0.1.tgz",
      "integrity": "sha1-ITXW36ejWMBprJsXh3YogihFD/o=",
      "dev": true,
      "requires": {
        "pinkie": "^2.0.0"
      }
    },
    "read-pkg": {
      "version": "1.1.0",
      "resolved": "https://registry.npmjs.org/read-pkg/-/read-pkg-1.1.0.tgz",
      "integrity": "sha1-9f+qXs0pyzHAR0vKfXVra7KePyg=",
      "dev": true,
      "requires": {
        "load-json-file": "^1.0.0",
        "normalize-package-data": "^2.3.2",
        "path-type": "^1.0.0"
      }
    },
    "read-pkg-up": {
      "version": "1.0.1",
      "resolved": "https://registry.npmjs.org/read-pkg-up/-/read-pkg-up-1.0.1.tgz",
      "integrity": "sha1-nWPBMnbAZZGNV/ACpX9AobZD+wI=",
      "dev": true,
      "requires": {
        "find-up": "^1.0.0",
        "read-pkg": "^1.0.0"
      }
    },
    "redent": {
      "version": "1.0.0",
      "resolved": "https://registry.npmjs.org/redent/-/redent-1.0.0.tgz",
      "integrity": "sha1-z5Fqsf1fHxbfsggi3W7H9zDCr94=",
      "dev": true,
      "requires": {
        "indent-string": "^2.1.0",
        "strip-indent": "^1.0.1"
      }
    },
    "repeating": {
      "version": "2.0.1",
      "resolved": "https://registry.npmjs.org/repeating/-/repeating-2.0.1.tgz",
      "integrity": "sha1-UhTFOpJtNVJwdSf7q0FdvAjQbdo=",
      "dev": true,
      "requires": {
        "is-finite": "^1.0.0"
      }
    },
    "resolve": {
      "version": "1.1.7",
      "resolved": "https://registry.npmjs.org/resolve/-/resolve-1.1.7.tgz",
      "integrity": "sha1-IDEU2CrSxe2ejgQRs5ModeiJ6Xs=",
      "dev": true
    },
    "rimraf": {
      "version": "2.2.8",
      "resolved": "https://registry.npmjs.org/rimraf/-/rimraf-2.2.8.tgz",
      "integrity": "sha1-5Dm+Kq7jJzIZUnMPmaiSnk/FBYI=",
      "dev": true
    },
    "safer-buffer": {
      "version": "2.1.2",
      "resolved": "https://registry.npmjs.org/safer-buffer/-/safer-buffer-2.1.2.tgz",
      "integrity": "sha512-YZo3K82SD7Riyi0E1EQPojLz7kpepnSQI9IyPbHHg1XXXevb5dJI7tpyN2ADxGcQbHG7vcyRHk0cbwqcQriUtg==",
      "dev": true
    },
    "semver": {
      "version": "5.5.0",
      "resolved": "https://registry.npmjs.org/semver/-/semver-5.5.0.tgz",
      "integrity": "sha512-4SJ3dm0WAwWy/NVeioZh5AntkdJoWKxHxcmyP622fOkgHa4z3R0TdBJICINyaSDE6uNwVc8gZr+ZinwZAH4xIA==",
      "dev": true
    },
    "signal-exit": {
      "version": "3.0.2",
      "resolved": "https://registry.npmjs.org/signal-exit/-/signal-exit-3.0.2.tgz",
      "integrity": "sha1-tf3AjxKH6hF4Yo5BXiUTK3NkbG0=",
      "dev": true
    },
    "source-map": {
      "version": "0.5.7",
      "resolved": "https://registry.npmjs.org/source-map/-/source-map-0.5.7.tgz",
      "integrity": "sha1-igOdLRAh0i0eoUyA2OpGi6LvP8w=",
      "dev": true
    },
    "spdx-correct": {
      "version": "3.0.0",
      "resolved": "https://registry.npmjs.org/spdx-correct/-/spdx-correct-3.0.0.tgz",
      "integrity": "sha512-N19o9z5cEyc8yQQPukRCZ9EUmb4HUpnrmaL/fxS2pBo2jbfcFRVuFZ/oFC+vZz0MNNk0h80iMn5/S6qGZOL5+g==",
      "dev": true,
      "requires": {
        "spdx-expression-parse": "^3.0.0",
        "spdx-license-ids": "^3.0.0"
      }
    },
    "spdx-exceptions": {
      "version": "2.1.0",
      "resolved": "https://registry.npmjs.org/spdx-exceptions/-/spdx-exceptions-2.1.0.tgz",
      "integrity": "sha512-4K1NsmrlCU1JJgUrtgEeTVyfx8VaYea9J9LvARxhbHtVtohPs/gFGG5yy49beySjlIMhhXZ4QqujIZEfS4l6Cg==",
      "dev": true
    },
    "spdx-expression-parse": {
      "version": "3.0.0",
      "resolved": "https://registry.npmjs.org/spdx-expression-parse/-/spdx-expression-parse-3.0.0.tgz",
      "integrity": "sha512-Yg6D3XpRD4kkOmTpdgbUiEJFKghJH03fiC1OPll5h/0sO6neh2jqRDVHOQ4o/LMea0tgCkbMgea5ip/e+MkWyg==",
      "dev": true,
      "requires": {
        "spdx-exceptions": "^2.1.0",
        "spdx-license-ids": "^3.0.0"
      }
    },
    "spdx-license-ids": {
      "version": "3.0.0",
      "resolved": "https://registry.npmjs.org/spdx-license-ids/-/spdx-license-ids-3.0.0.tgz",
      "integrity": "sha512-2+EPwgbnmOIl8HjGBXXMd9NAu02vLjOO1nWw4kmeRDFyHn+M/ETfHxQUK0oXg8ctgVnl9t3rosNVsZ1jG61nDA==",
      "dev": true
    },
    "sprintf-js": {
      "version": "1.0.3",
      "resolved": "https://registry.npmjs.org/sprintf-js/-/sprintf-js-1.0.3.tgz",
      "integrity": "sha1-BOaSb2YolTVPPdAVIDYzuFcpfiw=",
      "dev": true
    },
    "strip-ansi": {
      "version": "3.0.1",
      "resolved": "https://registry.npmjs.org/strip-ansi/-/strip-ansi-3.0.1.tgz",
      "integrity": "sha1-ajhfuIU9lS1f8F0Oiq+UJ43GPc8=",
      "dev": true,
      "requires": {
        "ansi-regex": "^2.0.0"
      }
    },
    "strip-bom": {
      "version": "2.0.0",
      "resolved": "https://registry.npmjs.org/strip-bom/-/strip-bom-2.0.0.tgz",
      "integrity": "sha1-YhmoVhZSBJHzV4i9vxRHqZx+aw4=",
      "dev": true,
      "requires": {
        "is-utf8": "^0.2.0"
      }
    },
    "strip-indent": {
      "version": "1.0.1",
      "resolved": "https://registry.npmjs.org/strip-indent/-/strip-indent-1.0.1.tgz",
      "integrity": "sha1-DHlipq3vp7vUrDZkYKY4VSrhoKI=",
      "dev": true,
      "requires": {
        "get-stdin": "^4.0.1"
      }
    },
    "supports-color": {
      "version": "2.0.0",
      "resolved": "https://registry.npmjs.org/supports-color/-/supports-color-2.0.0.tgz",
      "integrity": "sha1-U10EXOa2Nj+kARcIRimZXp3zJMc=",
      "dev": true
    },
    "trim-newlines": {
      "version": "1.0.0",
      "resolved": "https://registry.npmjs.org/trim-newlines/-/trim-newlines-1.0.0.tgz",
      "integrity": "sha1-WIeWa7WCpFA6QetST301ARgVphM=",
      "dev": true
    },
    "underscore.string": {
      "version": "3.2.3",
      "resolved": "https://registry.npmjs.org/underscore.string/-/underscore.string-3.2.3.tgz",
      "integrity": "sha1-gGmSYzZl1eX8tNsfs6hi62jp5to=",
      "dev": true
    },
    "validate-npm-package-license": {
      "version": "3.0.3",
      "resolved": "https://registry.npmjs.org/validate-npm-package-license/-/validate-npm-package-license-3.0.3.tgz",
      "integrity": "sha512-63ZOUnL4SIXj4L0NixR3L1lcjO38crAbgrTpl28t8jjrfuiOBL5Iygm+60qPs/KsZGzPNg6Smnc/oY16QTjF0g==",
      "dev": true,
      "requires": {
        "spdx-correct": "^3.0.0",
        "spdx-expression-parse": "^3.0.0"
      }
    },
    "which": {
      "version": "1.2.14",
      "resolved": "https://registry.npmjs.org/which/-/which-1.2.14.tgz",
      "integrity": "sha1-mofEN48D6CfOyvGs31bHNsAcFOU=",
      "dev": true,
      "requires": {
        "isexe": "^2.0.0"
      }
    },
    "wrappy": {
      "version": "1.0.2",
      "resolved": "https://registry.npmjs.org/wrappy/-/wrappy-1.0.2.tgz",
      "integrity": "sha1-tSQ9jz7BqjXxNkYFvA0QNuMKtp8=",
      "dev": true
    }
  }
}
