{
  "name": "jsyg-fulleditor",
  "version": "1.0.0",
  "lockfileVersion": 1,
  "requires": true,
  "dependencies": {
    "bootstrap": {
      "version": "4.1.1",
      "resolved": "https://registry.npmjs.org/bootstrap/-/bootstrap-4.1.1.tgz",
      "integrity": "sha512-SpiDSOcbg4J/PjVSt4ny5eY6j74VbVSjROY4Fb/WIUXBV9cnb5luyR4KnPvNoXuGnBK1T+nJIWqRsvU3yP8Mcg==",
      "dev": true
    },
    "jquery": {
      "version": "3.3.1",
      "resolved": "https://registry.npmjs.org/jquery/-/jquery-3.3.1.tgz",
      "integrity": "sha512-Ubldcmxp5np52/ENotGxlLe6aGMvmF4R8S6tZjsP6Knsaxd/xp3Zrh50cG93lR6nPXyUFwzN3ZSOQI0wRJNdGg=="
    },
    "jquery-mousewheel": {
      "version": "3.1.13",
      "resolved": "https://registry.npmjs.org/jquery-mousewheel/-/jquery-mousewheel-3.1.13.tgz",
      "integrity": "sha1-BvAzXxbjU6aV5yBr9QUDy1I6buU="
    },
    "jquery.hotkeys": {
      "version": "0.1.0",
      "resolved": "https://registry.npmjs.org/jquery.hotkeys/-/jquery.hotkeys-0.1.0.tgz",
      "integrity": "sha1-qI9jZJT+dd5B5LdToFnlpSO4MnM="
    },
    "js-cookie": {
      "version": "2.2.0",
      "resolved": "https://registry.npmjs.org/js-cookie/-/js-cookie-2.2.0.tgz",
      "integrity": "sha1-Gywnmm7s44ChIWi5JIUmWzWx7/s="
    },
    "jsyg": {
      "version": "1.0.3",
      "resolved": "https://registry.npmjs.org/jsyg/-/jsyg-1.0.3.tgz",
      "integrity": "sha512-mNpdhUtRu7/0mbGug0qi6FnY47f5X2Qlss2XZzXmXat3tcM6iL4nB7udSl3/cMbeCj2LStsmhmAbnNaVn+d9kg==",
      "requires": {
        "jquery": "3.3.1",
        "jsyg-events": "1.0.0",
        "jsyg-matrix": "1.0.0",
        "jsyg-point": "1.0.1",
        "jsyg-stdconstruct": "1.0.0",
        "jsyg-strutils": "1.0.0",
        "jsyg-utils": "1.0.1",
        "jsyg-vect": "1.0.2",
        "jsyg-wrapper": "1.0.0"
      }
    },
    "jsyg-alignment": {
      "version": "1.0.0",
      "resolved": "https://registry.npmjs.org/jsyg-alignment/-/jsyg-alignment-1.0.0.tgz",
      "integrity": "sha512-QiQgtbDMtfOf0BlZqhaVy7SLLRPC8C+VVBbO4d6A3kh2hA2ojLcBPzHYZhwFVcu8EJkx0BOTJ1BmVTjyiESnXQ==",
      "requires": {
        "jsyg": "1.0.3",
        "jsyg-path": "1.0.0"
      }
    },
    "jsyg-boundingbox": {
      "version": "1.0.0",
      "resolved": "https://registry.npmjs.org/jsyg-boundingbox/-/jsyg-boundingbox-1.0.0.tgz",
      "integrity": "sha512-Uq/HqS0meGtGnMto2+6QBJ4YJJKiF+EBuCgy3PkylVVb3OLiRk7lpShYhznhZwesX3T6jDoAu+NgdqKr/zfNrg==",
      "requires": {
        "jsyg": "1.0.3",
        "jsyg-path": "1.0.0"
      }
    },
    "jsyg-canvas": {
      "version": "1.0.0",
      "resolved": "https://registry.npmjs.org/jsyg-canvas/-/jsyg-canvas-1.0.0.tgz",
      "integrity": "sha512-rEMadtXTMYRFCiVaQQk93KlYGFdb/gyXl8uYsnGT3GG1Jjfn5e6oU+NsMJOVIKppP7cpuykicO+8pFgH970AQA==",
      "requires": {
        "jsyg": "1.0.3",
        "jsyg-color": "1.0.0"
      }
    },
    "jsyg-color": {
      "version": "1.0.0",
      "resolved": "https://registry.npmjs.org/jsyg-color/-/jsyg-color-1.0.0.tgz",
      "integrity": "sha512-8B6aIRlbOjwNOvBMfsC/DnQtOUxjwS5ts5Auje++c1OQbfY1gr3Iv9kQJ5M7C96XY0Fvc7dgc5s0yXoQeOxbNQ=="
    },
    "jsyg-container": {
      "version": "1.0.0",
      "resolved": "https://registry.npmjs.org/jsyg-container/-/jsyg-container-1.0.0.tgz",
      "integrity": "sha512-G1pEGkNcSdciQNugQyD7MK1CeVced+gs2lx/lFF8ky6FMuXFuCXczwLxxWQ5SMnUmRpXAVNfbJ3IiyrmAKAu5w==",
      "requires": {
        "jsyg": "1.0.3",
        "jsyg-path": "1.0.0"
      }
    },
    "jsyg-cropandresize": {
      "version": "1.0.0",
      "resolved": "https://registry.npmjs.org/jsyg-cropandresize/-/jsyg-cropandresize-1.0.0.tgz",
      "integrity": "sha512-0gBYxgzD0W7h9Fq30ojFC6BTDw7xdK7KZqIco2wq6hgtC5NmF9/aqYDTuTBtO48Ipe06DJ9VryFyBeq+Vwe8Pg==",
      "requires": {
        "jsyg": "1.0.3",
        "jsyg-canvas": "1.0.0",
        "jsyg-editor": "1.0.2"
      }
    },
    "jsyg-draggable": {
      "version": "1.0.0",
      "resolved": "https://registry.npmjs.org/jsyg-draggable/-/jsyg-draggable-1.0.0.tgz",
      "integrity": "sha512-Ki1yyHiP0pVeljXazaTa0kqka6ndh+qLF5Z84zqjjP7W9Krxeyhcyo6CKddrZQibvFFReb2wkaqVyjBxx4GY8A==",
      "requires": {
        "jsyg": "1.0.3"
      }
    },
    "jsyg-editor": {
      "version": "1.0.2",
      "resolved": "https://registry.npmjs.org/jsyg-editor/-/jsyg-editor-1.0.2.tgz",
      "integrity": "sha512-eZgHt7oSVfNX4okL6u4WlIbWDeHdymMw4rLaBuUQL4RWEF45tCdIenk1ni64v2coGq8UZJ6+5Iwh6ht6wlIapA==",
      "requires": {
        "jsyg": "1.0.3",
        "jsyg-alignment": "1.0.0",
        "jsyg-boundingbox": "1.0.0",
        "jsyg-container": "1.0.0",
        "jsyg-draggable": "1.0.0",
        "jsyg-path": "1.0.0",
        "jsyg-resizable": "1.0.0",
        "jsyg-rotatable": "1.0.0",
        "jsyg-selection": "1.0.0"
      }
    },
    "jsyg-events": {
      "version": "1.0.0",
      "resolved": "https://registry.npmjs.org/jsyg-events/-/jsyg-events-1.0.0.tgz",
      "integrity": "sha512-ELIo54NR0tXPC8Va2Z9p+hqKzV5MYPeq7LYlOpc7fnGaSAIrAbqk7pKCXHSrZffuppFr3HXUxegOG3Dh7VHbtQ=="
    },
    "jsyg-matrix": {
      "version": "1.0.0",
      "resolved": "https://registry.npmjs.org/jsyg-matrix/-/jsyg-matrix-1.0.0.tgz",
      "integrity": "sha512-NXMd8Ig+Bxx3B87BSUEGmBVjiIIvKeebdxvOtgKu0ZbjaqGcVw34CIONChx9rIM4PU/lzvjtiiCnPkMnNRbN6A==",
      "requires": {
        "jsyg-vect": "1.0.2"
      }
    },
    "jsyg-path": {
      "version": "1.0.0",
      "resolved": "https://registry.npmjs.org/jsyg-path/-/jsyg-path-1.0.0.tgz",
      "integrity": "sha512-8+yrw5CeQRvkYu0+WzuGD9m/QrE8HXcpaVVX9SMBLpmuvUN63XAElGEc3Tr0GG6xwUmyVBebD9/KthC1v5gSlw==",
      "requires": {
        "jsyg": "1.0.3",
        "pathseg": "1.2.0"
      }
    },
    "jsyg-pathdrawer": {
      "version": "1.0.0",
      "resolved": "https://registry.npmjs.org/jsyg-pathdrawer/-/jsyg-pathdrawer-1.0.0.tgz",
      "integrity": "sha512-wycjRJa/VLzSPl0+p4WkH0ts+Vq2+i912QNdJZ3zvro6H7lZb/p2OKSYvdbk54Bmwxm2q5UUIpAbs4bfJhjtoQ==",
      "requires": {
        "jsyg-path": "1.0.0"
      }
    },
    "jsyg-point": {
      "version": "1.0.1",
      "resolved": "https://registry.npmjs.org/jsyg-point/-/jsyg-point-1.0.1.tgz",
      "integrity": "sha512-YfJ4RvMdYUFHNCAK3Xo5iqdU48ZqxcVL6qtTfUvEvb62+01R6H7bTLERysY9abzrgAbs1cYkVfFw0w5n3TvAPQ=="
    },
    "jsyg-polylinedrawer": {
      "version": "1.0.0",
      "resolved": "https://registry.npmjs.org/jsyg-polylinedrawer/-/jsyg-polylinedrawer-1.0.0.tgz",
      "integrity": "sha512-xEqinr94YThc4xNRer1Xlv1GzFGqwhbqOrm3kQcCDs/hSAVOsbmNYdSfl0GpnKNfzPONy7OdV/ptQOxv7yXHlA==",
      "requires": {
        "jsyg-path": "1.0.0"
      }
    },
    "jsyg-resizable": {
      "version": "1.0.0",
      "resolved": "https://registry.npmjs.org/jsyg-resizable/-/jsyg-resizable-1.0.0.tgz",
      "integrity": "sha512-rUWZKPTmM4YAM1WD3Yw93Jo0lMtjoJVz9Ps5Mnug/ZOuvbm6jpivrsXuUHVwuRp3ITz1TYezhGuWGpkEsVU8iw==",
      "requires": {
        "jsyg": "1.0.3"
      }
    },
    "jsyg-rotatable": {
      "version": "1.0.0",
      "resolved": "https://registry.npmjs.org/jsyg-rotatable/-/jsyg-rotatable-1.0.0.tgz",
      "integrity": "sha512-JhQqG2JR8Or12YW/ocLSNEEdlf99oMtrkJ0z2ZiLmMwRF6fCObweztZd7sF0O+7SYrenSIQyyK7tXNlHbUxUGA==",
      "requires": {
        "jsyg": "1.0.3"
      }
    },
    "jsyg-selection": {
      "version": "1.0.0",
      "resolved": "https://registry.npmjs.org/jsyg-selection/-/jsyg-selection-1.0.0.tgz",
      "integrity": "sha512-N7jofgksJjWq0+cXPcCABRGRZ5ksysjLPoYjRZ+y3EUSkCLe4awFsYqHbRjKtc0ueeUEeZ94mS34kt4QnhN24Q==",
      "requires": {
        "jquery": "3.3.1",
        "jquery.hotkeys": "0.1.0",
        "jsyg": "1.0.3",
        "jsyg-resizable": "1.0.0"
      }
    },
    "jsyg-shapedrawer": {
      "version": "1.0.0",
      "resolved": "https://registry.npmjs.org/jsyg-shapedrawer/-/jsyg-shapedrawer-1.0.0.tgz",
      "integrity": "sha512-IhDA0g5xvOGqujkhZQmY/G/BlfL1s42YlhXT0lq58JsVVzPb8KqH9/PA5vsqruiU63iCPJ7gqnpFNhp8UcDDag==",
      "requires": {
        "jsyg": "1.0.3",
        "jsyg-resizable": "1.0.0"
      }
    },
    "jsyg-stdconstruct": {
      "version": "1.0.0",
      "resolved": "https://registry.npmjs.org/jsyg-stdconstruct/-/jsyg-stdconstruct-1.0.0.tgz",
      "integrity": "sha512-ZWP/iuMD1wFAoK9b3ytHA59Z4m/yKvgufukA9L1cJsY2WS6bXZMa21RQ2kqvH6DVmFyWkX9TTlxcxh4ETsYa4g==",
      "requires": {
        "jsyg-events": "1.0.0"
      }
    },
    "jsyg-strutils": {
      "version": "1.0.0",
      "resolved": "https://registry.npmjs.org/jsyg-strutils/-/jsyg-strutils-1.0.0.tgz",
      "integrity": "sha512-E8nsSE7A05CrX4PXhBx+KuqxxKEWsuJJqPXTcFh4SexE665m+3lUwJ0d+OZYVEydkeN5BeruZO9tR2mTy4qAxg=="
    },
    "jsyg-texteditor": {
      "version": "1.0.0",
      "resolved": "https://registry.npmjs.org/jsyg-texteditor/-/jsyg-texteditor-1.0.0.tgz",
      "integrity": "sha512-IeeD7AqAXRiO5X2hshq4YFJvzg1x856RsSxDIEu+P3wfuRIIxLNqpAmquzLnHz5laQD8Ud0baca5olPdAtfTrQ==",
      "requires": {
        "jsyg": "1.0.3",
        "jsyg-boundingbox": "1.0.0",
        "jsyg-color": "1.0.0"
      }
    },
    "jsyg-undoredo": {
      "version": "1.0.0",
      "resolved": "https://registry.npmjs.org/jsyg-undoredo/-/jsyg-undoredo-1.0.0.tgz",
      "integrity": "sha512-yoF/5ESKziGEI4JeKOp0ro+BZjCHV99dE0PN+H3xpggyqSATBJSkdiKmz9KHjF5SkMxoS4BBLrvCc7R9G3d55w==",
      "requires": {
        "jquery": "3.3.1",
        "jquery.hotkeys": "0.1.0",
        "jsyg-stdconstruct": "1.0.0"
      }
    },
    "jsyg-utils": {
      "version": "1.0.1",
      "resolved": "https://registry.npmjs.org/jsyg-utils/-/jsyg-utils-1.0.1.tgz",
      "integrity": "sha512-O0TxzpLw4GlSm7/8mecPmkJJpLqWQsVNKFMDoWkprc3ivyYr+CebVFp+df230yIkGngK6ikiMJZtWhrvj4VAmQ==",
      "requires": {
        "jsyg-matrix": "1.0.0",
        "jsyg-point": "1.0.1",
        "jsyg-strutils": "1.0.0",
        "jsyg-vect": "1.0.2",
        "jsyg-wrapper": "1.0.0"
      }
    },
    "jsyg-vect": {
      "version": "1.0.2",
      "resolved": "https://registry.npmjs.org/jsyg-vect/-/jsyg-vect-1.0.2.tgz",
      "integrity": "sha512-RKu/e6d/HLF3svtekbwH2GbbSF6F4cfKkZquGNaevMk9s7oRoxl+K4N30c++zeyx/avJO9P0Ujiki54oHQR3+w==",
      "requires": {
        "jsyg-point": "1.0.1"
      }
    },
    "jsyg-wrapper": {
      "version": "1.0.0",
      "resolved": "https://registry.npmjs.org/jsyg-wrapper/-/jsyg-wrapper-1.0.0.tgz",
      "integrity": "sha512-ko2h4ks354VYiPWrcgjoFEZA1tJre/fUw8XLVXdW0H1OW1UAvFXRdeRdUzicVL4qao3NNBYoel1LNx5BHX/ltQ==",
      "requires": {
        "jquery": "3.3.1"
      }
    },
    "jsyg-zoomandpan": {
      "version": "1.0.0",
      "resolved": "https://registry.npmjs.org/jsyg-zoomandpan/-/jsyg-zoomandpan-1.0.0.tgz",
      "integrity": "sha512-Q8xbVRqj2qaQL7k0HKsG1Uhj+a0uYKlM7SzKLreFf8z2ZY2K0CYuAyWqMUqEthxojTkl6Jowk7u2uhlv028Hxg==",
      "requires": {
        "jquery-mousewheel": "3.1.13",
        "js-cookie": "2.2.0",
        "jsyg": "1.0.3",
        "jsyg-resizable": "1.0.0"
      }
    },
    "pathseg": {
      "version": "1.2.0",
      "resolved": "https://registry.npmjs.org/pathseg/-/pathseg-1.2.0.tgz",
      "integrity": "sha512-+pQS7lTaoVIXhaCW7R3Wd/165APzZHWzYVqe7dxzdupxQwebgpBaCmf0/XZwmoA/rkDq3qvzO0qv4d5oFVrBRw=="
    }
  }
}
